Microsoft Visual Studio Solution File, Format Version 12.00
# Visual Studio Version 17
VisualStudioVersion = 17.5.2.0
MinimumVisualStudioVersion = 10.0.40219.1
Project("{FAE04EC0-301F-11D3-BF4B-00C04F79EFBC}") = "KovaneIzdeliya", "KovaneIzdeliya.csproj", "{32070A0F-4ABE-C3A2-DA4B-05CD2ADD5FE3}"
EndProject
Global
	GlobalSection(SolutionConfigurationPlatforms) = preSolution
		Debug|Any CPU = Debug|Any CPU
		Release|Any CPU = Release|Any CPU
	EndGlobalSection
	GlobalSection(ProjectConfigurationPlatforms) = postSolution
		{32070A0F-4ABE-C3A2-DA4B-05CD2ADD5FE3}.Debug|Any CPU.ActiveCfg = Debug|Any CPU
		{32070A0F-4ABE-C3A2-DA4B-05CD2ADD5FE3}.Debug|Any CPU.Build.0 = Debug|Any CPU
		{32070A0F-4ABE-C3A2-DA4B-05CD2ADD5FE3}.Release|Any CPU.ActiveCfg = Release|Any CPU
		{32070A0F-4ABE-C3A2-DA4B-05CD2ADD5FE3}.Release|Any CPU.Build.0 = Release|Any CPU
	EndGlobalSection
	GlobalSection(SolutionProperties) = preSolution
		HideSolutionNode = FALSE
	EndGlobalSection
	GlobalSection(ExtensibilityGlobals) = postSolution
		SolutionGuid = {9FB375A7-CC84-456F-9ECA-EE5D5EEDD667}
	EndGlobalSection
EndGlobal
